
Microsoft Visual Studio Solution File, Format Version 12.00
# Visual Studio Version 16
VisualStudioVersion = 16.0.29418.71
MinimumVisualStudioVersion = 10.0.40219.1
Project("{FAE04EC0-301F-11D3-BF4B-00C04F79EFBC}") = "MusicMachine", "MusicMachine\MusicMachine.csproj", "{C71824FE-8886-4ECB-A79F-212B063F47F1}"
EndProject
Project("{FAE04EC0-301F-11D3-BF4B-00C04F79EFBC}") = "WaveMaker", "WaveMaker\WaveMaker.csproj", "{96CFDAFF-ACB0-4FE5-93A6-8FA1FC5F2DF7}"
EndProject
Project("{FAE04EC0-301F-11D3-BF4B-00C04F79EFBC}") = "MidiParser", "MidiParser\MidiParser.csproj", "{6A116264-5D3E-4A42-87B9-A57FC54629A1}"
EndProject
Project("{FAE04EC0-301F-11D3-BF4B-00C04F79EFBC}") = "NAudioWaveMaker", "NAudioWaveMaker\NAudioWaveMaker.csproj", "{E0843B4A-609E-4A36-BF08-7D27B625B7CB}"
EndProject
Project("{FAE04EC0-301F-11D3-BF4B-00C04F79EFBC}") = "MidiPlotter", "MidiPlotter\MidiPlotter.csproj", "{518C4A9D-9C67-4674-A9C5-A2B664F9BB2D}"
EndProject
Project("{FAE04EC0-301F-11D3-BF4B-00C04F79EFBC}") = "MidiPlayer", "MidiPlayer\MidiPlayer.csproj", "{F97DBC96-46C9-4F1E-B2B6-A58854821299}"
EndProject
Project("{FAE04EC0-301F-11D3-BF4B-00C04F79EFBC}") = "SignalAnalyser", "SignalAnalyser\SignalAnalyser.csproj", "{C325791A-F75F-4429-9DFA-65E0051ADBC7}"
EndProject
Project("{FAE04EC0-301F-11D3-BF4B-00C04F79EFBC}") = "SignalAnalyserTest", "SignalAnalyserTest\SignalAnalyserTest.csproj", "{530DA85A-6FB5-4F28-B61B-D4BC13F0388C}"
EndProject
Project("{FAE04EC0-301F-11D3-BF4B-00C04F79EFBC}") = "SoundEngine", "SoundEngine\SoundEngine.csproj", "{9DC995D0-439C-4BE8-8BFA-DF0A79590ECF}"
EndProject
Project("{FAE04EC0-301F-11D3-BF4B-00C04F79EFBC}") = "SoundEngineTest", "SoundEngineTest\SoundEngineTest.csproj", "{B0D89F24-79BB-4F78-A576-226ED7985E3C}"
EndProject
Project("{FAE04EC0-301F-11D3-BF4B-00C04F79EFBC}") = "CmdTools", "CmdTools\CmdTools.csproj", "{2E3CF5A4-6A9D-4C12-BB39-2140475DA6DF}"
EndProject
Global
	GlobalSection(SolutionConfigurationPlatforms) = preSolution
		Debug|Any CPU = Debug|Any CPU
		Release|Any CPU = Release|Any CPU
	EndGlobalSection
	GlobalSection(ProjectConfigurationPlatforms) = postSolution
		{C71824FE-8886-4ECB-A79F-212B063F47F1}.Debug|Any CPU.ActiveCfg = Debug|Any CPU
		{C71824FE-8886-4ECB-A79F-212B063F47F1}.Debug|Any CPU.Build.0 = Debug|Any CPU
		{C71824FE-8886-4ECB-A79F-212B063F47F1}.Release|Any CPU.ActiveCfg = Release|Any CPU
		{C71824FE-8886-4ECB-A79F-212B063F47F1}.Release|Any CPU.Build.0 = Release|Any CPU
		{96CFDAFF-ACB0-4FE5-93A6-8FA1FC5F2DF7}.Debug|Any CPU.ActiveCfg = Debug|Any CPU
		{96CFDAFF-ACB0-4FE5-93A6-8FA1FC5F2DF7}.Debug|Any CPU.Build.0 = Debug|Any CPU
		{96CFDAFF-ACB0-4FE5-93A6-8FA1FC5F2DF7}.Release|Any CPU.ActiveCfg = Release|Any CPU
		{96CFDAFF-ACB0-4FE5-93A6-8FA1FC5F2DF7}.Release|Any CPU.Build.0 = Release|Any CPU
		{6A116264-5D3E-4A42-87B9-A57FC54629A1}.Debug|Any CPU.ActiveCfg = Debug|Any CPU
		{6A116264-5D3E-4A42-87B9-A57FC54629A1}.Debug|Any CPU.Build.0 = Debug|Any CPU
		{6A116264-5D3E-4A42-87B9-A57FC54629A1}.Release|Any CPU.ActiveCfg = Release|Any CPU
		{6A116264-5D3E-4A42-87B9-A57FC54629A1}.Release|Any CPU.Build.0 = Release|Any CPU
		{E0843B4A-609E-4A36-BF08-7D27B625B7CB}.Debug|Any CPU.ActiveCfg = Debug|Any CPU
		{E0843B4A-609E-4A36-BF08-7D27B625B7CB}.Debug|Any CPU.Build.0 = Debug|Any CPU
		{E0843B4A-609E-4A36-BF08-7D27B625B7CB}.Release|Any CPU.ActiveCfg = Release|Any CPU
		{E0843B4A-609E-4A36-BF08-7D27B625B7CB}.Release|Any CPU.Build.0 = Release|Any CPU
		{518C4A9D-9C67-4674-A9C5-A2B664F9BB2D}.Debug|Any CPU.ActiveCfg = Debug|Any CPU
		{518C4A9D-9C67-4674-A9C5-A2B664F9BB2D}.Debug|Any CPU.Build.0 = Debug|Any CPU
		{518C4A9D-9C67-4674-A9C5-A2B664F9BB2D}.Release|Any CPU.ActiveCfg = Release|Any CPU
		{518C4A9D-9C67-4674-A9C5-A2B664F9BB2D}.Release|Any CPU.Build.0 = Release|Any CPU
		{F97DBC96-46C9-4F1E-B2B6-A58854821299}.Debug|Any CPU.ActiveCfg = Debug|Any CPU
		{F97DBC96-46C9-4F1E-B2B6-A58854821299}.Debug|Any CPU.Build.0 = Debug|Any CPU
		{F97DBC96-46C9-4F1E-B2B6-A58854821299}.Release|Any CPU.ActiveCfg = Release|Any CPU
		{F97DBC96-46C9-4F1E-B2B6-A58854821299}.Release|Any CPU.Build.0 = Release|Any CPU
		{C325791A-F75F-4429-9DFA-65E0051ADBC7}.Debug|Any CPU.ActiveCfg = Debug|Any CPU
		{C325791A-F75F-4429-9DFA-65E0051ADBC7}.Debug|Any CPU.Build.0 = Debug|Any CPU
		{C325791A-F75F-4429-9DFA-65E0051ADBC7}.Release|Any CPU.ActiveCfg = Release|Any CPU
		{C325791A-F75F-4429-9DFA-65E0051ADBC7}.Release|Any CPU.Build.0 = Release|Any CPU
		{530DA85A-6FB5-4F28-B61B-D4BC13F0388C}.Debug|Any CPU.ActiveCfg = Debug|Any CPU
		{530DA85A-6FB5-4F28-B61B-D4BC13F0388C}.Debug|Any CPU.Build.0 = Debug|Any CPU
		{530DA85A-6FB5-4F28-B61B-D4BC13F0388C}.Release|Any CPU.ActiveCfg = Release|Any CPU
		{530DA85A-6FB5-4F28-B61B-D4BC13F0388C}.Release|Any CPU.Build.0 = Release|Any CPU
		{9DC995D0-439C-4BE8-8BFA-DF0A79590ECF}.Debug|Any CPU.ActiveCfg = Debug|Any CPU
		{9DC995D0-439C-4BE8-8BFA-DF0A79590ECF}.Debug|Any CPU.Build.0 = Debug|Any CPU
		{9DC995D0-439C-4BE8-8BFA-DF0A79590ECF}.Release|Any CPU.ActiveCfg = Release|Any CPU
		{9DC995D0-439C-4BE8-8BFA-DF0A79590ECF}.Release|Any CPU.Build.0 = Release|Any CPU
		{B0D89F24-79BB-4F78-A576-226ED7985E3C}.Debug|Any CPU.ActiveCfg = Debug|Any CPU
		{B0D89F24-79BB-4F78-A576-226ED7985E3C}.Debug|Any CPU.Build.0 = Debug|Any CPU
		{B0D89F24-79BB-4F78-A576-226ED7985E3C}.Release|Any CPU.ActiveCfg = Release|Any CPU
		{B0D89F24-79BB-4F78-A576-226ED7985E3C}.Release|Any CPU.Build.0 = Release|Any CPU
		{2E3CF5A4-6A9D-4C12-BB39-2140475DA6DF}.Debug|Any CPU.ActiveCfg = Debug|Any CPU
		{2E3CF5A4-6A9D-4C12-BB39-2140475DA6DF}.Debug|Any CPU.Build.0 = Debug|Any CPU
		{2E3CF5A4-6A9D-4C12-BB39-2140475DA6DF}.Release|Any CPU.ActiveCfg = Release|Any CPU
		{2E3CF5A4-6A9D-4C12-BB39-2140475DA6DF}.Release|Any CPU.Build.0 = Release|Any CPU
	EndGlobalSection
	GlobalSection(SolutionProperties) = preSolution
		HideSolutionNode = FALSE
	EndGlobalSection
	GlobalSection(ExtensibilityGlobals) = postSolution
		SolutionGuid = {0846D5EC-3889-4A64-9482-0086E29F1865}
	EndGlobalSection
EndGlobal
